
Microsoft Visual Studio Solution File, Format Version 12.00
# Visual Studio Version 17
VisualStudioVersion = 17.5.002.0
MinimumVisualStudioVersion = 10.0.40219.1
Project("{9A19103F-16F7-4668-BE54-9A1E7A4F7556}") = "BAISTGolfClubSystem", "BAISTGolfClubSystem.csproj", "{C3DD752D-4AF6-4D5E-8AD8-41B811CADDC3}"
EndProject
Global
	GlobalSection(SolutionConfigurationPlatforms) = preSolution
		Debug|Any CPU = Debug|Any CPU
		Release|Any CPU = Release|Any CPU
	EndGlobalSection
	GlobalSection(ProjectConfigurationPlatforms) = postSolution
		{C3DD752D-4AF6-4D5E-8AD8-41B811CADDC3}.Debug|Any CPU.ActiveCfg = Debug|Any CPU
		{C3DD752D-4AF6-4D5E-8AD8-41B811CADDC3}.Debug|Any CPU.Build.0 = Debug|Any CPU
		{C3DD752D-4AF6-4D5E-8AD8-41B811CADDC3}.Release|Any CPU.ActiveCfg = Release|Any CPU
		{C3DD752D-4AF6-4D5E-8AD8-41B811CADDC3}.Release|Any CPU.Build.0 = Release|Any CPU
	EndGlobalSection
	GlobalSection(SolutionProperties) = preSolution
		HideSolutionNode = FALSE
	EndGlobalSection
	GlobalSection(ExtensibilityGlobals) = postSolution
		SolutionGuid = {14FF274F-68B1-441E-91FC-98234D277932}
	EndGlobalSection
EndGlobal
